
Microsoft Visual Studio Solution File, Format Version 12.00
# Visual Studio Version 16
VisualStudioVersion = 16.0.30517.126
MinimumVisualStudioVersion = 10.0.40219.1
Project("{FAE04EC0-301F-11D3-BF4B-00C04F79EFBC}") = "Exercise №1", "HomeWork1\Exercise №1.csproj", "{0492A487-4E27-4E3D-8CA6-A388FA16BE95}"
EndProject
Project("{FAE04EC0-301F-11D3-BF4B-00C04F79EFBC}") = "Exercise №2", "Exercise №2\Exercise №2.csproj", "{F1BA87D5-EEBC-4ADB-AECD-A52E1FB81607}"
EndProject
Project("{FAE04EC0-301F-11D3-BF4B-00C04F79EFBC}") = "Exercise №3", "Exercise №3\Exercise №3.csproj", "{2E0E7608-5423-4F1E-AB3F-734491A0D6D7}"
EndProject
Project("{FAE04EC0-301F-11D3-BF4B-00C04F79EFBC}") = "Exercise №4", "Exercise №4\Exercise №4.csproj", "{37CB099F-2ADE-4DF6-A615-EE8F734C2C32}"
EndProject
Project("{FAE04EC0-301F-11D3-BF4B-00C04F79EFBC}") = "Exercise №5", "Exercise №5\Exercise №5.csproj", "{086002DB-B63F-4EB1-963B-5F66362BC4D0}"
EndProject
Project("{FAE04EC0-301F-11D3-BF4B-00C04F79EFBC}") = "Exercise №6", "Exercise №6\Exercise №6.csproj", "{44F69944-D187-4E5B-81D3-3B2291C4DC07}"
EndProject
Global
	GlobalSection(SolutionConfigurationPlatforms) = preSolution
		Debug|Any CPU = Debug|Any CPU
		Release|Any CPU = Release|Any CPU
	EndGlobalSection
	GlobalSection(ProjectConfigurationPlatforms) = postSolution
		{0492A487-4E27-4E3D-8CA6-A388FA16BE95}.Debug|Any CPU.ActiveCfg = Debug|Any CPU
		{0492A487-4E27-4E3D-8CA6-A388FA16BE95}.Debug|Any CPU.Build.0 = Debug|Any CPU
		{0492A487-4E27-4E3D-8CA6-A388FA16BE95}.Release|Any CPU.ActiveCfg = Release|Any CPU
		{0492A487-4E27-4E3D-8CA6-A388FA16BE95}.Release|Any CPU.Build.0 = Release|Any CPU
		{F1BA87D5-EEBC-4ADB-AECD-A52E1FB81607}.Debug|Any CPU.ActiveCfg = Debug|Any CPU
		{F1BA87D5-EEBC-4ADB-AECD-A52E1FB81607}.Debug|Any CPU.Build.0 = Debug|Any CPU
		{F1BA87D5-EEBC-4ADB-AECD-A52E1FB81607}.Release|Any CPU.ActiveCfg = Release|Any CPU
		{F1BA87D5-EEBC-4ADB-AECD-A52E1FB81607}.Release|Any CPU.Build.0 = Release|Any CPU
		{2E0E7608-5423-4F1E-AB3F-734491A0D6D7}.Debug|Any CPU.ActiveCfg = Debug|Any CPU
		{2E0E7608-5423-4F1E-AB3F-734491A0D6D7}.Debug|Any CPU.Build.0 = Debug|Any CPU
		{2E0E7608-5423-4F1E-AB3F-734491A0D6D7}.Release|Any CPU.ActiveCfg = Release|Any CPU
		{2E0E7608-5423-4F1E-AB3F-734491A0D6D7}.Release|Any CPU.Build.0 = Release|Any CPU
		{37CB099F-2ADE-4DF6-A615-EE8F734C2C32}.Debug|Any CPU.ActiveCfg = Debug|Any CPU
		{37CB099F-2ADE-4DF6-A615-EE8F734C2C32}.Debug|Any CPU.Build.0 = Debug|Any CPU
		{37CB099F-2ADE-4DF6-A615-EE8F734C2C32}.Release|Any CPU.ActiveCfg = Release|Any CPU
		{37CB099F-2ADE-4DF6-A615-EE8F734C2C32}.Release|Any CPU.Build.0 = Release|Any CPU
		{086002DB-B63F-4EB1-963B-5F66362BC4D0}.Debug|Any CPU.ActiveCfg = Debug|Any CPU
		{086002DB-B63F-4EB1-963B-5F66362BC4D0}.Debug|Any CPU.Build.0 = Debug|Any CPU
		{086002DB-B63F-4EB1-963B-5F66362BC4D0}.Release|Any CPU.ActiveCfg = Release|Any CPU
		{086002DB-B63F-4EB1-963B-5F66362BC4D0}.Release|Any CPU.Build.0 = Release|Any CPU
		{44F69944-D187-4E5B-81D3-3B2291C4DC07}.Debug|Any CPU.ActiveCfg = Debug|Any CPU
		{44F69944-D187-4E5B-81D3-3B2291C4DC07}.Debug|Any CPU.Build.0 = Debug|Any CPU
		{44F69944-D187-4E5B-81D3-3B2291C4DC07}.Release|Any CPU.ActiveCfg = Release|Any CPU
		{44F69944-D187-4E5B-81D3-3B2291C4DC07}.Release|Any CPU.Build.0 = Release|Any CPU
	EndGlobalSection
	GlobalSection(SolutionProperties) = preSolution
		HideSolutionNode = FALSE
	EndGlobalSection
	GlobalSection(ExtensibilityGlobals) = postSolution
		SolutionGuid = {A05B6583-A17D-42BA-8B66-D08D26AF67DB}
	EndGlobalSection
EndGlobal
